
Microsoft Visual Studio Solution File, Format Version 12.00
# Visual Studio Version 17
VisualStudioVersion = 17.11.35312.102
MinimumVisualStudioVersion = 10.0.40219.1
Project("{FAE04EC0-301F-11D3-BF4B-00C04F79EFBC}") = "StudentManagementApi", "StudentManagementApi\StudentManagementApi.csproj", "{8F58AB6B-94CD-4F18-B3C4-6594C2EDA66A}"
EndProject
Project("{FAE04EC0-301F-11D3-BF4B-00C04F79EFBC}") = "StudentApiTests", "StudentApiTests\StudentApiTests.csproj", "{CEE45861-D7A5-4F78-92CF-17C99D77E9D6}"
EndProject
Global
	GlobalSection(SolutionConfigurationPlatforms) = preSolution
		Debug|Any CPU = Debug|Any CPU
		Release|Any CPU = Release|Any CPU
	EndGlobalSection
	GlobalSection(ProjectConfigurationPlatforms) = postSolution
		{8F58AB6B-94CD-4F18-B3C4-6594C2EDA66A}.Debug|Any CPU.ActiveCfg = Debug|Any CPU
		{8F58AB6B-94CD-4F18-B3C4-6594C2EDA66A}.Debug|Any CPU.Build.0 = Debug|Any CPU
		{8F58AB6B-94CD-4F18-B3C4-6594C2EDA66A}.Release|Any CPU.ActiveCfg = Release|Any CPU
		{8F58AB6B-94CD-4F18-B3C4-6594C2EDA66A}.Release|Any CPU.Build.0 = Release|Any CPU
		{CEE45861-D7A5-4F78-92CF-17C99D77E9D6}.Debug|Any CPU.ActiveCfg = Debug|Any CPU
		{CEE45861-D7A5-4F78-92CF-17C99D77E9D6}.Debug|Any CPU.Build.0 = Debug|Any CPU
		{CEE45861-D7A5-4F78-92CF-17C99D77E9D6}.Release|Any CPU.ActiveCfg = Release|Any CPU
		{CEE45861-D7A5-4F78-92CF-17C99D77E9D6}.Release|Any CPU.Build.0 = Release|Any CPU
	EndGlobalSection
	GlobalSection(SolutionProperties) = preSolution
		HideSolutionNode = FALSE
	EndGlobalSection
	GlobalSection(ExtensibilityGlobals) = postSolution
		SolutionGuid = {715BA06A-097A-4E17-A51E-F635393BF0A9}
	EndGlobalSection
EndGlobal
