
Microsoft Visual Studio Solution File, Format Version 12.00
# Visual Studio Version 17
VisualStudioVersion = 17.11.35222.181
MinimumVisualStudioVersion = 10.0.40219.1
Project("{FAE04EC0-301F-11D3-BF4B-00C04F79EFBC}") = "Delegate", "Delegate\Delegate.csproj", "{B4FD583D-E627-43B2-8E00-3A92D8BD8E33}"
EndProject
Project("{FAE04EC0-301F-11D3-BF4B-00C04F79EFBC}") = "Event", "Event\Event.csproj", "{107C3030-A451-4885-8460-DBE3F0C711E8}"
EndProject
Global
	GlobalSection(SolutionConfigurationPlatforms) = preSolution
		Debug|Any CPU = Debug|Any CPU
		Release|Any CPU = Release|Any CPU
	EndGlobalSection
	GlobalSection(ProjectConfigurationPlatforms) = postSolution
		{B4FD583D-E627-43B2-8E00-3A92D8BD8E33}.Debug|Any CPU.ActiveCfg = Debug|Any CPU
		{B4FD583D-E627-43B2-8E00-3A92D8BD8E33}.Debug|Any CPU.Build.0 = Debug|Any CPU
		{B4FD583D-E627-43B2-8E00-3A92D8BD8E33}.Release|Any CPU.ActiveCfg = Release|Any CPU
		{B4FD583D-E627-43B2-8E00-3A92D8BD8E33}.Release|Any CPU.Build.0 = Release|Any CPU
		{107C3030-A451-4885-8460-DBE3F0C711E8}.Debug|Any CPU.ActiveCfg = Debug|Any CPU
		{107C3030-A451-4885-8460-DBE3F0C711E8}.Debug|Any CPU.Build.0 = Debug|Any CPU
		{107C3030-A451-4885-8460-DBE3F0C711E8}.Release|Any CPU.ActiveCfg = Release|Any CPU
		{107C3030-A451-4885-8460-DBE3F0C711E8}.Release|Any CPU.Build.0 = Release|Any CPU
	EndGlobalSection
	GlobalSection(SolutionProperties) = preSolution
		HideSolutionNode = FALSE
	EndGlobalSection
	GlobalSection(ExtensibilityGlobals) = postSolution
		SolutionGuid = {0170F414-A1DF-47DA-886E-EBD1E95D6590}
	EndGlobalSection
EndGlobal
